// !$*UTF8*$!
{
	archiveVersion = 1;
	classes = {
	};
	objectVersion = 51;
	objects = {

/* Begin PBXBuildFile section */
		1B2B32D52663814200551EA1 /* RemoteImage.swift in Sources */ = {isa = PBXBuildFile; fileRef = 1B2B32D42663814200551EA1 /* RemoteImage.swift */; };
		1B9931A42662E97300E487D3 /* DetailView.swift in Sources */ = {isa = PBXBuildFile; fileRef = 1B9931A32662E97300E487D3 /* DetailView.swift */; };
		1B9931A62662F76700E487D3 /* Colors.swift in Sources */ = {isa = PBXBuildFile; fileRef = 1B9931A52662F76700E487D3 /* Colors.swift */; };
		8414B52A266313A500D873A2 /* ProductsFlow.swift in Sources */ = {isa = PBXBuildFile; fileRef = 8414B529266313A500D873A2 /* ProductsFlow.swift */; };
		8414B52C26636A0000D873A2 /* MarginsLabel.swift in Sources */ = {isa = PBXBuildFile; fileRef = 8414B52B26636A0000D873A2 /* MarginsLabel.swift */; };
		8414B52E2663786900D873A2 /* UINavigation+Extension.swift in Sources */ = {isa = PBXBuildFile; fileRef = 8414B52D2663786900D873A2 /* UINavigation+Extension.swift */; };
		8414B53626637C4A00D873A2 /* Sansation_Bold_Italic.ttf in Resources */ = {isa = PBXBuildFile; fileRef = 8414B53026637C4A00D873A2 /* Sansation_Bold_Italic.ttf */; };
		8414B53726637C4A00D873A2 /* Sansation-Regular.ttf in Resources */ = {isa = PBXBuildFile; fileRef = 8414B53126637C4A00D873A2 /* Sansation-Regular.ttf */; };
		8414B53826637C4A00D873A2 /* Sansation_Light_Italic.ttf in Resources */ = {isa = PBXBuildFile; fileRef = 8414B53226637C4A00D873A2 /* Sansation_Light_Italic.ttf */; };
		8414B53926637C4A00D873A2 /* Sansation_Bold.ttf in Resources */ = {isa = PBXBuildFile; fileRef = 8414B53326637C4A00D873A2 /* Sansation_Bold.ttf */; };
		8414B53A26637C4A00D873A2 /* Sansation_Italic.ttf in Resources */ = {isa = PBXBuildFile; fileRef = 8414B53426637C4A00D873A2 /* Sansation_Italic.ttf */; };
		8414B53B26637C4A00D873A2 /* Sansation_Light.ttf in Resources */ = {isa = PBXBuildFile; fileRef = 8414B53526637C4A00D873A2 /* Sansation_Light.ttf */; };
		8414B53D26637CE600D873A2 /* UIFont+Extension.swift in Sources */ = {isa = PBXBuildFile; fileRef = 8414B53C26637CE600D873A2 /* UIFont+Extension.swift */; };
		84357BFC266241D200383D55 /* API.swift in Sources */ = {isa = PBXBuildFile; fileRef = 84357BFB266241D200383D55 /* API.swift */; };
		84357BFE26624CAE00383D55 /* BasePath.swift in Sources */ = {isa = PBXBuildFile; fileRef = 84357BFD26624CAE00383D55 /* BasePath.swift */; };
		84357C0026624DAC00383D55 /* Endpoint.swift in Sources */ = {isa = PBXBuildFile; fileRef = 84357BFF26624DAB00383D55 /* Endpoint.swift */; };
		84357C022662554300383D55 /* ListResponse.swift in Sources */ = {isa = PBXBuildFile; fileRef = 84357C012662554300383D55 /* ListResponse.swift */; };
		84357C052662562B00383D55 /* ProductsAPI.swift in Sources */ = {isa = PBXBuildFile; fileRef = 84357C042662562B00383D55 /* ProductsAPI.swift */; };
		84357C072662571200383D55 /* ProductResponse.swift in Sources */ = {isa = PBXBuildFile; fileRef = 84357C062662571200383D55 /* ProductResponse.swift */; };
		84357C092662589500383D55 /* APIError.swift in Sources */ = {isa = PBXBuildFile; fileRef = 84357C082662589500383D55 /* APIError.swift */; };
		84357C0C2662624000383D55 /* ApiService.swift in Sources */ = {isa = PBXBuildFile; fileRef = 84357C0B2662624000383D55 /* ApiService.swift */; };
		84357C0E266262CA00383D55 /* RequestBuilder.swift in Sources */ = {isa = PBXBuildFile; fileRef = 84357C0D266262CA00383D55 /* RequestBuilder.swift */; };
		84357C1026626A2400383D55 /* Method.swift in Sources */ = {isa = PBXBuildFile; fileRef = 84357C0F26626A2400383D55 /* Method.swift */; };
		84357C1526626BDC00383D55 /* ProdcutsSearchState.swift in Sources */ = {isa = PBXBuildFile; fileRef = 84357C1426626BDC00383D55 /* ProdcutsSearchState.swift */; };
		84357C172662978F00383D55 /* ProductsViewController.swift in Sources */ = {isa = PBXBuildFile; fileRef = 84357C162662978F00383D55 /* ProductsViewController.swift */; };
		84357C1A266297BA00383D55 /* ProductTableViewCell.swift in Sources */ = {isa = PBXBuildFile; fileRef = 84357C19266297BA00383D55 /* ProductTableViewCell.swift */; };
		84357C1D266297E800383D55 /* UITableView + Extension.swift in Sources */ = {isa = PBXBuildFile; fileRef = 84357C1C266297E800383D55 /* UITableView + Extension.swift */; };
		84357C1F2662A62500383D55 /* UIColor+Hex.swift in Sources */ = {isa = PBXBuildFile; fileRef = 84357C1E2662A62500383D55 /* UIColor+Hex.swift */; };
		84357C232662AB5900383D55 /* ProductsSearchViewModel.swift in Sources */ = {isa = PBXBuildFile; fileRef = 84357C222662AB5900383D55 /* ProductsSearchViewModel.swift */; };
		84357C252662AE2500383D55 /* Schelduler.swift in Sources */ = {isa = PBXBuildFile; fileRef = 84357C242662AE2500383D55 /* Schelduler.swift */; };
		84357C272662B1B700383D55 /* Publishers + Utils.swift in Sources */ = {isa = PBXBuildFile; fileRef = 84357C262662B1B700383D55 /* Publishers + Utils.swift */; };
		843BF5B52662D2F100247FF3 /* HomeViewController.swift in Sources */ = {isa = PBXBuildFile; fileRef = 843BF5B42662D2F100247FF3 /* HomeViewController.swift */; };
		843BF5B72662D31D00247FF3 /* CompilationView.swift in Sources */ = {isa = PBXBuildFile; fileRef = 843BF5B62662D31D00247FF3 /* CompilationView.swift */; };
		843BF5B92662D85300247FF3 /* Shadow.swift in Sources */ = {isa = PBXBuildFile; fileRef = 843BF5B82662D85300247FF3 /* Shadow.swift */; };
		843BF5BB2662D95F00247FF3 /* Compilation.swift in Sources */ = {isa = PBXBuildFile; fileRef = 843BF5BA2662D95F00247FF3 /* Compilation.swift */; };
		84F094AD26614E440004C054 /* UpTechApp.swift in Sources */ = {isa = PBXBuildFile; fileRef = 84F094AC26614E440004C054 /* UpTechApp.swift */; };
		84F094B126614E470004C054 /* Assets.xcassets in Resources */ = {isa = PBXBuildFile; fileRef = 84F094B026614E470004C054 /* Assets.xcassets */; };
		84F094B426614E470004C054 /* Preview Assets.xcassets in Resources */ = {isa = PBXBuildFile; fileRef = 84F094B326614E470004C054 /* Preview Assets.xcassets */; };
		F8EF93812BAD45DCE7B01C5D /* Pods_UpTech.framework in Frameworks */ = {isa = PBXBuildFile; fileRef = 91E4F2F0F67116CD451D3850 /* Pods_UpTech.framework */; };
/* End PBXBuildFile section */

/* Begin PBXFileReference section */
		1B2B32D42663814200551EA1 /* RemoteImage.swift */ = {isa = PBXFileReference; lastKnownFileType = sourcecode.swift; path = RemoteImage.swift; sourceTree = "<group>"; };
		1B9931A32662E97300E487D3 /* DetailView.swift */ = {isa = PBXFileReference; lastKnownFileType = sourcecode.swift; path = DetailView.swift; sourceTree = "<group>"; };
		1B9931A52662F76700E487D3 /* Colors.swift */ = {isa = PBXFileReference; lastKnownFileType = sourcecode.swift; path = Colors.swift; sourceTree = "<group>"; };
		8414B529266313A500D873A2 /* ProductsFlow.swift */ = {isa = PBXFileReference; lastKnownFileType = sourcecode.swift; path = ProductsFlow.swift; sourceTree = "<group>"; };
		8414B52B26636A0000D873A2 /* MarginsLabel.swift */ = {isa = PBXFileReference; lastKnownFileType = sourcecode.swift; path = MarginsLabel.swift; sourceTree = "<group>"; };
		8414B52D2663786900D873A2 /* UINavigation+Extension.swift */ = {isa = PBXFileReference; lastKnownFileType = sourcecode.swift; path = "UINavigation+Extension.swift"; sourceTree = "<group>"; };
		8414B53026637C4A00D873A2 /* Sansation_Bold_Italic.ttf */ = {isa = PBXFileReference; lastKnownFileType = file; path = Sansation_Bold_Italic.ttf; sourceTree = "<group>"; };
		8414B53126637C4A00D873A2 /* Sansation-Regular.ttf */ = {isa = PBXFileReference; lastKnownFileType = file; path = "Sansation-Regular.ttf"; sourceTree = "<group>"; };
		8414B53226637C4A00D873A2 /* Sansation_Light_Italic.ttf */ = {isa = PBXFileReference; lastKnownFileType = file; path = Sansation_Light_Italic.ttf; sourceTree = "<group>"; };
		8414B53326637C4A00D873A2 /* Sansation_Bold.ttf */ = {isa = PBXFileReference; lastKnownFileType = file; path = Sansation_Bold.ttf; sourceTree = "<group>"; };
		8414B53426637C4A00D873A2 /* Sansation_Italic.ttf */ = {isa = PBXFileReference; lastKnownFileType = file; path = Sansation_Italic.ttf; sourceTree = "<group>"; };
		8414B53526637C4A00D873A2 /* Sansation_Light.ttf */ = {isa = PBXFileReference; lastKnownFileType = file; path = Sansation_Light.ttf; sourceTree = "<group>"; };
		8414B53C26637CE600D873A2 /* UIFont+Extension.swift */ = {isa = PBXFileReference; lastKnownFileType = sourcecode.swift; path = "UIFont+Extension.swift"; sourceTree = "<group>"; };
		84357BFB266241D200383D55 /* API.swift */ = {isa = PBXFileReference; lastKnownFileType = sourcecode.swift; path = API.swift; sourceTree = "<group>"; };
		84357BFD26624CAE00383D55 /* BasePath.swift */ = {isa = PBXFileReference; lastKnownFileType = sourcecode.swift; path = BasePath.swift; sourceTree = "<group>"; };
		84357BFF26624DAB00383D55 /* Endpoint.swift */ = {isa = PBXFileReference; lastKnownFileType = sourcecode.swift; path = Endpoint.swift; sourceTree = "<group>"; };
		84357C012662554300383D55 /* ListResponse.swift */ = {isa = PBXFileReference; lastKnownFileType = sourcecode.swift; path = ListResponse.swift; sourceTree = "<group>"; };
		84357C042662562B00383D55 /* ProductsAPI.swift */ = {isa = PBXFileReference; lastKnownFileType = sourcecode.swift; path = ProductsAPI.swift; sourceTree = "<group>"; };
		84357C062662571200383D55 /* ProductResponse.swift */ = {isa = PBXFileReference; lastKnownFileType = sourcecode.swift; path = ProductResponse.swift; sourceTree = "<group>"; };
		84357C082662589500383D55 /* APIError.swift */ = {isa = PBXFileReference; lastKnownFileType = sourcecode.swift; path = APIError.swift; sourceTree = "<group>"; };
		84357C0B2662624000383D55 /* ApiService.swift */ = {isa = PBXFileReference; lastKnownFileType = sourcecode.swift; path = ApiService.swift; sourceTree = "<group>"; };
		84357C0D266262CA00383D55 /* RequestBuilder.swift */ = {isa = PBXFileReference; lastKnownFileType = sourcecode.swift; path = RequestBuilder.swift; sourceTree = "<group>"; };
		84357C0F26626A2400383D55 /* Method.swift */ = {isa = PBXFileReference; lastKnownFileType = sourcecode.swift; path = Method.swift; sourceTree = "<group>"; };
		84357C1426626BDC00383D55 /* ProdcutsSearchState.swift */ = {isa = PBXFileReference; lastKnownFileType = sourcecode.swift; path = ProdcutsSearchState.swift; sourceTree = "<group>"; };
		84357C162662978F00383D55 /* ProductsViewController.swift */ = {isa = PBXFileReference; lastKnownFileType = sourcecode.swift; path = ProductsViewController.swift; sourceTree = "<group>"; };
		84357C19266297BA00383D55 /* ProductTableViewCell.swift */ = {isa = PBXFileReference; lastKnownFileType = sourcecode.swift; path = ProductTableViewCell.swift; sourceTree = "<group>"; };
		84357C1C266297E800383D55 /* UITableView + Extension.swift */ = {isa = PBXFileReference; lastKnownFileType = sourcecode.swift; path = "UITableView + Extension.swift"; sourceTree = "<group>"; };
		84357C1E2662A62500383D55 /* UIColor+Hex.swift */ = {isa = PBXFileReference; lastKnownFileType = sourcecode.swift; path = "UIColor+Hex.swift"; sourceTree = "<group>"; };
		84357C222662AB5900383D55 /* ProductsSearchViewModel.swift */ = {isa = PBXFileReference; lastKnownFileType = sourcecode.swift; path = ProductsSearchViewModel.swift; sourceTree = "<group>"; };
		84357C242662AE2500383D55 /* Schelduler.swift */ = {isa = PBXFileReference; lastKnownFileType = sourcecode.swift; path = Schelduler.swift; sourceTree = "<group>"; };
		84357C262662B1B700383D55 /* Publishers + Utils.swift */ = {isa = PBXFileReference; lastKnownFileType = sourcecode.swift; path = "Publishers + Utils.swift"; sourceTree = "<group>"; };
		843BF5B42662D2F100247FF3 /* HomeViewController.swift */ = {isa = PBXFileReference; lastKnownFileType = sourcecode.swift; path = HomeViewController.swift; sourceTree = "<group>"; };
		843BF5B62662D31D00247FF3 /* CompilationView.swift */ = {isa = PBXFileReference; lastKnownFileType = sourcecode.swift; path = CompilationView.swift; sourceTree = "<group>"; };
		843BF5B82662D85300247FF3 /* Shadow.swift */ = {isa = PBXFileReference; lastKnownFileType = sourcecode.swift; path = Shadow.swift; sourceTree = "<group>"; };
		843BF5BA2662D95F00247FF3 /* Compilation.swift */ = {isa = PBXFileReference; lastKnownFileType = sourcecode.swift; path = Compilation.swift; sourceTree = "<group>"; };
		84F094A926614E440004C054 /* UpTech.app */ = {isa = PBXFileReference; explicitFileType = wrapper.application; includeInIndex = 0; path = UpTech.app; sourceTree = BUILT_PRODUCTS_DIR; };
		84F094AC26614E440004C054 /* UpTechApp.swift */ = {isa = PBXFileReference; lastKnownFileType = sourcecode.swift; path = UpTechApp.swift; sourceTree = "<group>"; };
		84F094B026614E470004C054 /* Assets.xcassets */ = {isa = PBXFileReference; lastKnownFileType = folder.assetcatalog; path = Assets.xcassets; sourceTree = "<group>"; };
		84F094B326614E470004C054 /* Preview Assets.xcassets */ = {isa = PBXFileReference; lastKnownFileType = folder.assetcatalog; path = "Preview Assets.xcassets"; sourceTree = "<group>"; };
		84F094B526614E470004C054 /* Info.plist */ = {isa = PBXFileReference; lastKnownFileType = text.plist.xml; path = Info.plist; sourceTree = "<group>"; };
		91E4F2F0F67116CD451D3850 /* Pods_UpTech.framework */ = {isa = PBXFileReference; explicitFileType = wrapper.framework; includeInIndex = 0; path = Pods_UpTech.framework; sourceTree = BUILT_PRODUCTS_DIR; };
		CDAAE3D287A422A98D04B489 /* Pods-UpTech.debug.xcconfig */ = {isa = PBXFileReference; includeInIndex = 1; lastKnownFileType = text.xcconfig; name = "Pods-UpTech.debug.xcconfig"; path = "Target Support Files/Pods-UpTech/Pods-UpTech.debug.xcconfig"; sourceTree = "<group>"; };
		FE599CD018599F407D9B621F /* Pods-UpTech.release.xcconfig */ = {isa = PBXFileReference; includeInIndex = 1; lastKnownFileType = text.xcconfig; name = "Pods-UpTech.release.xcconfig"; path = "Target Support Files/Pods-UpTech/Pods-UpTech.release.xcconfig"; sourceTree = "<group>"; };
/* End PBXFileReference section */

/* Begin PBXFrameworksBuildPhase section */
		84F094A626614E440004C054 /* Frameworks */ = {
			isa = PBXFrameworksBuildPhase;
			buildActionMask = 2147483647;
			files = (
				F8EF93812BAD45DCE7B01C5D /* Pods_UpTech.framework in Frameworks */,
			);
			runOnlyForDeploymentPostprocessing = 0;
		};
/* End PBXFrameworksBuildPhase section */

/* Begin PBXGroup section */
		1B2B32D32663812F00551EA1 /* Views */ = {
			isa = PBXGroup;
			children = (
				1B2B32D42663814200551EA1 /* RemoteImage.swift */,
			);
			path = Views;
			sourceTree = "<group>";
		};
		3D22D7D1ED897FD73E76570B /* Frameworks */ = {
			isa = PBXGroup;
			children = (
				91E4F2F0F67116CD451D3850 /* Pods_UpTech.framework */,
			);
			name = Frameworks;
			sourceTree = "<group>";
		};
		7DD00BA18B88FFB30E6A3E75 /* Pods */ = {
			isa = PBXGroup;
			children = (
				CDAAE3D287A422A98D04B489 /* Pods-UpTech.debug.xcconfig */,
				FE599CD018599F407D9B621F /* Pods-UpTech.release.xcconfig */,
			);
			path = Pods;
			sourceTree = "<group>";
		};
		8414B52F26637C1A00D873A2 /* Fonts */ = {
			isa = PBXGroup;
			children = (
				8414B53026637C4A00D873A2 /* Sansation_Bold_Italic.ttf */,
				8414B53326637C4A00D873A2 /* Sansation_Bold.ttf */,
				8414B53426637C4A00D873A2 /* Sansation_Italic.ttf */,
				8414B53226637C4A00D873A2 /* Sansation_Light_Italic.ttf */,
				8414B53526637C4A00D873A2 /* Sansation_Light.ttf */,
				8414B53126637C4A00D873A2 /* Sansation-Regular.ttf */,
			);
			path = Fonts;
			sourceTree = "<group>";
		};
		84357C032662562100383D55 /* API */ = {
			isa = PBXGroup;
			children = (
				84357C1126626A2C00383D55 /* Models */,
				84357BFB266241D200383D55 /* API.swift */,
			);
			path = API;
			sourceTree = "<group>";
		};
		84357C0A2662623700383D55 /* ApiService */ = {
			isa = PBXGroup;
			children = (
				84357C0B2662624000383D55 /* ApiService.swift */,
				84357C0D266262CA00383D55 /* RequestBuilder.swift */,
			);
			path = ApiService;
			sourceTree = "<group>";
		};
		84357C1126626A2C00383D55 /* Models */ = {
			isa = PBXGroup;
			children = (
				84357BFF26624DAB00383D55 /* Endpoint.swift */,
				84357BFD26624CAE00383D55 /* BasePath.swift */,
				84357C082662589500383D55 /* APIError.swift */,
				84357C0F26626A2400383D55 /* Method.swift */,
			);
			path = Models;
			sourceTree = "<group>";
		};
		84357C1226626BC400383D55 /* Modules */ = {
			isa = PBXGroup;
			children = (
				843BF5B32662D2E100247FF3 /* Home */,
				84357C1326626BCF00383D55 /* Search */,
			);
			path = Modules;
			sourceTree = "<group>";
		};
		84357C1326626BCF00383D55 /* Search */ = {
			isa = PBXGroup;
			children = (
				84357C222662AB5900383D55 /* ProductsSearchViewModel.swift */,
				84357C18266297B100383D55 /* View */,
				84357C1426626BDC00383D55 /* ProdcutsSearchState.swift */,
				84357C162662978F00383D55 /* ProductsViewController.swift */,
				8414B529266313A500D873A2 /* ProductsFlow.swift */,
			);
			path = Search;
			sourceTree = "<group>";
		};
		84357C18266297B100383D55 /* View */ = {
			isa = PBXGroup;
			children = (
				84357C19266297BA00383D55 /* ProductTableViewCell.swift */,
			);
			path = View;
			sourceTree = "<group>";
		};
		84357C1B266297C100383D55 /* Common */ = {
			isa = PBXGroup;
			children = (
				84357C1C266297E800383D55 /* UITableView + Extension.swift */,
				84357C1E2662A62500383D55 /* UIColor+Hex.swift */,
				84357C242662AE2500383D55 /* Schelduler.swift */,
				84357C262662B1B700383D55 /* Publishers + Utils.swift */,
				843BF5B82662D85300247FF3 /* Shadow.swift */,
				8414B52B26636A0000D873A2 /* MarginsLabel.swift */,
				8414B52D2663786900D873A2 /* UINavigation+Extension.swift */,
				1B9931A52662F76700E487D3 /* Colors.swift */,
				8414B53C26637CE600D873A2 /* UIFont+Extension.swift */,
			);
			path = Common;
			sourceTree = "<group>";
		};
		843BF5B32662D2E100247FF3 /* Home */ = {
			isa = PBXGroup;
			children = (
				843BF5B42662D2F100247FF3 /* HomeViewController.swift */,
				843BF5B62662D31D00247FF3 /* CompilationView.swift */,
				843BF5BA2662D95F00247FF3 /* Compilation.swift */,
				1B9931A32662E97300E487D3 /* DetailView.swift */,
			);
			path = Home;
			sourceTree = "<group>";
		};
		84F094A026614E440004C054 = {
			isa = PBXGroup;
			children = (
				84F094AB26614E440004C054 /* UpTech */,
				84F094AA26614E440004C054 /* Products */,
				7DD00BA18B88FFB30E6A3E75 /* Pods */,
				3D22D7D1ED897FD73E76570B /* Frameworks */,
			);
			sourceTree = "<group>";
		};
		84F094AA26614E440004C054 /* Products */ = {
			isa = PBXGroup;
			children = (
				84F094A926614E440004C054 /* UpTech.app */,
			);
			name = Products;
			sourceTree = "<group>";
		};
		84F094AB26614E440004C054 /* UpTech */ = {
			isa = PBXGroup;
			children = (
				8414B52F26637C1A00D873A2 /* Fonts */,
				1B2B32D32663812F00551EA1 /* Views */,
				84357C1B266297C100383D55 /* Common */,
				84357C1226626BC400383D55 /* Modules */,
				84F094BB26623FCF0004C054 /* Network */,
				84F094AC26614E440004C054 /* UpTechApp.swift */,
				84F094B026614E470004C054 /* Assets.xcassets */,
				84F094B526614E470004C054 /* Info.plist */,
				84F094B226614E470004C054 /* Preview Content */,
			);
			path = UpTech;
			sourceTree = "<group>";
		};
		84F094B226614E470004C054 /* Preview Content */ = {
			isa = PBXGroup;
			children = (
				84F094B326614E470004C054 /* Preview Assets.xcassets */,
			);
			path = "Preview Content";
			sourceTree = "<group>";
		};
		84F094BB26623FCF0004C054 /* Network */ = {
			isa = PBXGroup;
			children = (
				84F094BD2662400D0004C054 /* Models */,
				84F094BC26623FFC0004C054 /* Endpoints */,
			);
			path = Network;
			sourceTree = "<group>";
		};
		84F094BC26623FFC0004C054 /* Endpoints */ = {
			isa = PBXGroup;
			children = (
				84357C0A2662623700383D55 /* ApiService */,
				84357C032662562100383D55 /* API */,
				84357C042662562B00383D55 /* ProductsAPI.swift */,
			);
			path = Endpoints;
			sourceTree = "<group>";
		};
		84F094BD2662400D0004C054 /* Models */ = {
			isa = PBXGroup;
			children = (
				84F094BE2662401B0004C054 /* Response */,
			);
			path = Models;
			sourceTree = "<group>";
		};
		84F094BE2662401B0004C054 /* Response */ = {
			isa = PBXGroup;
			children = (
				84357C012662554300383D55 /* ListResponse.swift */,
				84357C062662571200383D55 /* ProductResponse.swift */,
			);
			path = Response;
			sourceTree = "<group>";
		};
/* End PBXGroup section */

/* Begin PBXNativeTarget section */
		84F094A826614E440004C054 /* UpTech */ = {
			isa = PBXNativeTarget;
			buildConfigurationList = 84F094B826614E470004C054 /* Build configuration list for PBXNativeTarget "UpTech" */;
			buildPhases = (
				7E9037F38F08BF1E258A9EAB /* [CP] Check Pods Manifest.lock */,
				84F094A526614E440004C054 /* Sources */,
				84F094A626614E440004C054 /* Frameworks */,
				84F094A726614E440004C054 /* Resources */,
				039707707DA5F7F09BA64277 /* [CP] Embed Pods Frameworks */,
			);
			buildRules = (
			);
			dependencies = (
			);
			name = UpTech;
			productName = UpTech;
			productReference = 84F094A926614E440004C054 /* UpTech.app */;
			productType = "com.apple.product-type.application";
		};
/* End PBXNativeTarget section */

/* Begin PBXProject section */
		84F094A126614E440004C054 /* Project object */ = {
			isa = PBXProject;
			attributes = {
				LastSwiftUpdateCheck = 1250;
				LastUpgradeCheck = 1250;
				TargetAttributes = {
					84F094A826614E440004C054 = {
						CreatedOnToolsVersion = 12.5;
					};
				};
			};
			buildConfigurationList = 84F094A426614E440004C054 /* Build configuration list for PBXProject "UpTech" */;
			compatibilityVersion = "Xcode 9.3";
			developmentRegion = en;
			hasScannedForEncodings = 0;
			knownRegions = (
				en,
				Base,
			);
			mainGroup = 84F094A026614E440004C054;
			productRefGroup = 84F094AA26614E440004C054 /* Products */;
			projectDirPath = "";
			projectRoot = "";
			targets = (
				84F094A826614E440004C054 /* UpTech */,
			);
		};
/* End PBXProject section */

/* Begin PBXResourcesBuildPhase section */
		84F094A726614E440004C054 /* Resources */ = {
			isa = PBXResourcesBuildPhase;
			buildActionMask = 2147483647;
			files = (
				8414B53826637C4A00D873A2 /* Sansation_Light_Italic.ttf in Resources */,
				84F094B426614E470004C054 /* Preview Assets.xcassets in Resources */,
				84F094B126614E470004C054 /* Assets.xcassets in Resources */,
				8414B53A26637C4A00D873A2 /* Sansation_Italic.ttf in Resources */,
				8414B53726637C4A00D873A2 /* Sansation-Regular.ttf in Resources */,
				8414B53926637C4A00D873A2 /* Sansation_Bold.ttf in Resources */,
				8414B53B26637C4A00D873A2 /* Sansation_Light.ttf in Resources */,
				8414B53626637C4A00D873A2 /* Sansation_Bold_Italic.ttf in Resources */,
			);
			runOnlyForDeploymentPostprocessing = 0;
		};
/* End PBXResourcesBuildPhase section */

/* Begin PBXShellScriptBuildPhase section */
		039707707DA5F7F09BA64277 /* [CP] Embed Pods Frameworks */ = {
			isa = PBXShellScriptBuildPhase;
			buildActionMask = 2147483647;
			files = (
			);
			inputFileListPaths = (
				"${PODS_ROOT}/Target Support Files/Pods-UpTech/Pods-UpTech-frameworks-${CONFIGURATION}-input-files.xcfilelist",
			);
			name = "[CP] Embed Pods Frameworks";
			outputFileListPaths = (
				"${PODS_ROOT}/Target Support Files/Pods-UpTech/Pods-UpTech-frameworks-${CONFIGURATION}-output-files.xcfilelist",
			);
			runOnlyForDeploymentPostprocessing = 0;
			shellPath = /bin/sh;
			shellScript = "\"${PODS_ROOT}/Target Support Files/Pods-UpTech/Pods-UpTech-frameworks.sh\"\n";
			showEnvVarsInLog = 0;
		};
		7E9037F38F08BF1E258A9EAB /* [CP] Check Pods Manifest.lock */ = {
			isa = PBXShellScriptBuildPhase;
			buildActionMask = 2147483647;
			files = (
			);
			inputFileListPaths = (
			);
			inputPaths = (
				"${PODS_PODFILE_DIR_PATH}/Podfile.lock",
				"${PODS_ROOT}/Manifest.lock",
			);
			name = "[CP] Check Pods Manifest.lock";
			outputFileListPaths = (
			);
			outputPaths = (
				"$(DERIVED_FILE_DIR)/Pods-UpTech-checkManifestLockResult.txt",
			);
			runOnlyForDeploymentPostprocessing = 0;
			shellPath = /bin/sh;
			shellScript = "diff \"${PODS_PODFILE_DIR_PATH}/Podfile.lock\" \"${PODS_ROOT}/Manifest.lock\" > /dev/null\nif [ $? != 0 ] ; then\n    # print error to STDERR\n    echo \"error: The sandbox is not in sync with the Podfile.lock. Run 'pod install' or update your CocoaPods installation.\" >&2\n    exit 1\nfi\n# This output is used by Xcode 'outputs' to avoid re-running this script phase.\necho \"SUCCESS\" > \"${SCRIPT_OUTPUT_FILE_0}\"\n";
			showEnvVarsInLog = 0;
		};
/* End PBXShellScriptBuildPhase section */

/* Begin PBXSourcesBuildPhase section */
		84F094A526614E440004C054 /* Sources */ = {
			isa = PBXSourcesBuildPhase;
			buildActionMask = 2147483647;
			files = (
				843BF5B92662D85300247FF3 /* Shadow.swift in Sources */,
				84357C022662554300383D55 /* ListResponse.swift in Sources */,
				84357C1D266297E800383D55 /* UITableView + Extension.swift in Sources */,
				843BF5BB2662D95F00247FF3 /* Compilation.swift in Sources */,
				84357C1A266297BA00383D55 /* ProductTableViewCell.swift in Sources */,
				84357C272662B1B700383D55 /* Publishers + Utils.swift in Sources */,
				843BF5B52662D2F100247FF3 /* HomeViewController.swift in Sources */,
				8414B52E2663786900D873A2 /* UINavigation+Extension.swift in Sources */,
				1B2B32D52663814200551EA1 /* RemoteImage.swift in Sources */,
				1B9931A42662E97300E487D3 /* DetailView.swift in Sources */,
				84357C1F2662A62500383D55 /* UIColor+Hex.swift in Sources */,
				84357C172662978F00383D55 /* ProductsViewController.swift in Sources */,
				84357C0C2662624000383D55 /* ApiService.swift in Sources */,
				84357C232662AB5900383D55 /* ProductsSearchViewModel.swift in Sources */,
				84357C252662AE2500383D55 /* Schelduler.swift in Sources */,
				84357BFE26624CAE00383D55 /* BasePath.swift in Sources */,
				84357BFC266241D200383D55 /* API.swift in Sources */,
				84357C072662571200383D55 /* ProductResponse.swift in Sources */,
				84F094AD26614E440004C054 /* UpTechApp.swift in Sources */,
				84357C1526626BDC00383D55 /* ProdcutsSearchState.swift in Sources */,
				84357C0E266262CA00383D55 /* RequestBuilder.swift in Sources */,
				84357C1026626A2400383D55 /* Method.swift in Sources */,
				8414B53D26637CE600D873A2 /* UIFont+Extension.swift in Sources */,
				1B9931A62662F76700E487D3 /* Colors.swift in Sources */,
				843BF5B72662D31D00247FF3 /* CompilationView.swift in Sources */,
				84357C052662562B00383D55 /* ProductsAPI.swift in Sources */,
				84357C0026624DAC00383D55 /* Endpoint.swift in Sources */,
				84357C092662589500383D55 /* APIError.swift in Sources */,
				8414B52C26636A0000D873A2 /* MarginsLabel.swift in Sources */,
				8414B52A266313A500D873A2 /* ProductsFlow.swift in Sources */,
			);
			runOnlyForDeploymentPostprocessing = 0;
		};
/* End PBXSourcesBuildPhase section */

/* Begin XCBuildConfiguration section */
		84F094B626614E470004C054 /* Debug */ = {
			isa = XCBuildConfiguration;
			buildSettings = {
				ALWAYS_SEARCH_USER_PATHS = NO;
				CLANG_ANALYZER_NONNULL = YES;
				CLANG_ANALYZER_NUMBER_OBJECT_CONVERSION = YES_AGGRESSIVE;
				CLANG_CXX_LANGUAGE_STANDARD = "gnu++14";
				CLANG_CXX_LIBRARY = "libc++";
				CLANG_ENABLE_MODULES = YES;
				CLANG_ENABLE_OBJC_ARC = YES;
				CLANG_ENABLE_OBJC_WEAK = YES;
				CLANG_WARN_BLOCK_CAPTURE_AUTORELEASING = YES;
				CLANG_WARN_BOOL_CONVERSION = YES;
				CLANG_WARN_COMMA = YES;
				CLANG_WARN_CONSTANT_CONVERSION = YES;
				CLANG_WARN_DEPRECATED_OBJC_IMPLEMENTATIONS = YES;
				CLANG_WARN_DIRECT_OBJC_ISA_USAGE = YES_ERROR;
				CLANG_WARN_DOCUMENTATION_COMMENTS = YES;
				CLANG_WARN_EMPTY_BODY = YES;
				CLANG_WARN_ENUM_CONVERSION = YES;
				CLANG_WARN_INFINITE_RECURSION = YES;
				CLANG_WARN_INT_CONVERSION = YES;
				CLANG_WARN_NON_LITERAL_NULL_CONVERSION = YES;
				CLANG_WARN_OBJC_IMPLICIT_RETAIN_SELF = YES;
				CLANG_WARN_OBJC_LITERAL_CONVERSION = YES;
				CLANG_WARN_OBJC_ROOT_CLASS = YES_ERROR;
				CLANG_WARN_QUOTED_INCLUDE_IN_FRAMEWORK_HEADER = YES;
				CLANG_WARN_RANGE_LOOP_ANALYSIS = YES;
				CLANG_WARN_STRICT_PROTOTYPES = YES;
				CLANG_WARN_SUSPICIOUS_MOVE = YES;
				CLANG_WARN_UNGUARDED_AVAILABILITY = YES_AGGRESSIVE;
				CLANG_WARN_UNREACHABLE_CODE = YES;
				CLANG_WARN__DUPLICATE_METHOD_MATCH = YES;
				COPY_PHASE_STRIP = NO;
				DEBUG_INFORMATION_FORMAT = dwarf;
				ENABLE_STRICT_OBJC_MSGSEND = YES;
				ENABLE_TESTABILITY = YES;
				GCC_C_LANGUAGE_STANDARD = gnu11;
				GCC_DYNAMIC_NO_PIC = NO;
				GCC_NO_COMMON_BLOCKS = YES;
				GCC_OPTIMIZATION_LEVEL = 0;
				GCC_PREPROCESSOR_DEFINITIONS = (
					"DEBUG=1",
					"$(inherited)",
				);
				GCC_WARN_64_TO_32_BIT_CONVERSION = YES;
				GCC_WARN_ABOUT_RETURN_TYPE = YES_ERROR;
				GCC_WARN_UNDECLARED_SELECTOR = YES;
				GCC_WARN_UNINITIALIZED_AUTOS = YES_AGGRESSIVE;
				GCC_WARN_UNUSED_FUNCTION = YES;
				GCC_WARN_UNUSED_VARIABLE = YES;
				IPHONEOS_DEPLOYMENT_TARGET = 14.5;
				MTL_ENABLE_DEBUG_INFO = INCLUDE_SOURCE;
				MTL_FAST_MATH = YES;
				ONLY_ACTIVE_ARCH = YES;
				SDKROOT = iphoneos;
				SWIFT_ACTIVE_COMPILATION_CONDITIONS = DEBUG;
				SWIFT_OPTIMIZATION_LEVEL = "-Onone";
			};
			name = Debug;
		};
		84F094B726614E470004C054 /* Release */ = {
			isa = XCBuildConfiguration;
			buildSettings = {
				ALWAYS_SEARCH_USER_PATHS = NO;
				CLANG_ANALYZER_NONNULL = YES;
				CLANG_ANALYZER_NUMBER_OBJECT_CONVERSION = YES_AGGRESSIVE;
				CLANG_CXX_LANGUAGE_STANDARD = "gnu++14";
				CLANG_CXX_LIBRARY = "libc++";
				CLANG_ENABLE_MODULES = YES;
				CLANG_ENABLE_OBJC_ARC = YES;
				CLANG_ENABLE_OBJC_WEAK = YES;
				CLANG_WARN_BLOCK_CAPTURE_AUTORELEASING = YES;
				CLANG_WARN_BOOL_CONVERSION = YES;
				CLANG_WARN_COMMA = YES;
				CLANG_WARN_CONSTANT_CONVERSION = YES;
				CLANG_WARN_DEPRECATED_OBJC_IMPLEMENTATIONS = YES;
				CLANG_WARN_DIRECT_OBJC_ISA_USAGE = YES_ERROR;
				CLANG_WARN_DOCUMENTATION_COMMENTS = YES;
				CLANG_WARN_EMPTY_BODY = YES;
				CLANG_WARN_ENUM_CONVERSION = YES;
				CLANG_WARN_INFINITE_RECURSION = YES;
				CLANG_WARN_INT_CONVERSION = YES;
				CLANG_WARN_NON_LITERAL_NULL_CONVERSION = YES;
				CLANG_WARN_OBJC_IMPLICIT_RETAIN_SELF = YES;
				CLANG_WARN_OBJC_LITERAL_CONVERSION = YES;
				CLANG_WARN_OBJC_ROOT_CLASS = YES_ERROR;
				CLANG_WARN_QUOTED_INCLUDE_IN_FRAMEWORK_HEADER = YES;
				CLANG_WARN_RANGE_LOOP_ANALYSIS = YES;
				CLANG_WARN_STRICT_PROTOTYPES = YES;
				CLANG_WARN_SUSPICIOUS_MOVE = YES;
				CLANG_WARN_UNGUARDED_AVAILABILITY = YES_AGGRESSIVE;
				CLANG_WARN_UNREACHABLE_CODE = YES;
				CLANG_WARN__DUPLICATE_METHOD_MATCH = YES;
				COPY_PHASE_STRIP = NO;
				DEBUG_INFORMATION_FORMAT = "dwarf-with-dsym";
				ENABLE_NS_ASSERTIONS = NO;
				ENABLE_STRICT_OBJC_MSGSEND = YES;
				GCC_C_LANGUAGE_STANDARD = gnu11;
				GCC_NO_COMMON_BLOCKS = YES;
				GCC_WARN_64_TO_32_BIT_CONVERSION = YES;
				GCC_WARN_ABOUT_RETURN_TYPE = YES_ERROR;
				GCC_WARN_UNDECLARED_SELECTOR = YES;
				GCC_WARN_UNINITIALIZED_AUTOS = YES_AGGRESSIVE;
				GCC_WARN_UNUSED_FUNCTION = YES;
				GCC_WARN_UNUSED_VARIABLE = YES;
				IPHONEOS_DEPLOYMENT_TARGET = 14.5;
				MTL_ENABLE_DEBUG_INFO = NO;
				MTL_FAST_MATH = YES;
				SDKROOT = iphoneos;
				SWIFT_COMPILATION_MODE = wholemodule;
				SWIFT_OPTIMIZATION_LEVEL = "-O";
				VALIDATE_PRODUCT = YES;
			};
			name = Release;
		};
		84F094B926614E470004C054 /* Debug */ = {
			isa = XCBuildConfiguration;
			baseConfigurationReference = CDAAE3D287A422A98D04B489 /* Pods-UpTech.debug.xcconfig */;
			buildSettings = {
				ASSETCATALOG_COMPILER_APPICON_NAME = AppIcon;
				ASSETCATALOG_COMPILER_GLOBAL_ACCENT_COLOR_NAME = AccentColor;
				CODE_SIGN_STYLE = Automatic;
				DEVELOPMENT_ASSET_PATHS = "\"UpTech/Preview Content\"";
				DEVELOPMENT_TEAM = MX8X2BSFQH;
				ENABLE_PREVIEWS = YES;
				INFOPLIST_FILE = UpTech/Info.plist;
				IPHONEOS_DEPLOYMENT_TARGET = 14.0;
				LD_RUNPATH_SEARCH_PATHS = (
					"$(inherited)",
					"@executable_path/Frameworks",
				);
				PRODUCT_BUNDLE_IDENTIFIER = com.eaptekahack.UpTech;
				PRODUCT_NAME = "$(TARGET_NAME)";
				SWIFT_VERSION = 5.0;
				TARGETED_DEVICE_FAMILY = "1,2";
			};
			name = Debug;
		};
		84F094BA26614E470004C054 /* Release */ = {
			isa = XCBuildConfiguration;
			baseConfigurationReference = FE599CD018599F407D9B621F /* Pods-UpTech.release.xcconfig */;
			buildSettings = {
				ASSETCATALOG_COMPILER_APPICON_NAME = AppIcon;
				ASSETCATALOG_COMPILER_GLOBAL_ACCENT_COLOR_NAME = AccentColor;
				CODE_SIGN_STYLE = Automatic;
				DEVELOPMENT_ASSET_PATHS = "\"UpTech/Preview Content\"";
				DEVELOPMENT_TEAM = MX8X2BSFQH;
				ENABLE_PREVIEWS = YES;
				INFOPLIST_FILE = UpTech/Info.plist;
				IPHONEOS_DEPLOYMENT_TARGET = 14.0;
				LD_RUNPATH_SEARCH_PATHS = (
					"$(inherited)",
					"@executable_path/Frameworks",
				);
				PRODUCT_BUNDLE_IDENTIFIER = com.eaptekahack.UpTech;
				PRODUCT_NAME = "$(TARGET_NAME)";
				SWIFT_VERSION = 5.0;
				TARGETED_DEVICE_FAMILY = "1,2";
			};
			name = Release;
		};
/* End XCBuildConfiguration section */

/* Begin XCConfigurationList section */
		84F094A426614E440004C054 /* Build configuration list for PBXProject "UpTech" */ = {
			isa = XCConfigurationList;
			buildConfigurations = (
				84F094B626614E470004C054 /* Debug */,
				84F094B726614E470004C054 /* Release */,
			);
			defaultConfigurationIsVisible = 0;
			defaultConfigurationName = Release;
		};
		84F094B826614E470004C054 /* Build configuration list for PBXNativeTarget "UpTech" */ = {
			isa = XCConfigurationList;
			buildConfigurations = (
				84F094B926614E470004C054 /* Debug */,
				84F094BA26614E470004C054 /* Release */,
			);
			defaultConfigurationIsVisible = 0;
			defaultConfigurationName = Release;
		};
/* End XCConfigurationList section */
	};
	rootObject = 84F094A126614E440004C054 /* Project object */;
}
